// !$*UTF8*$!
{
	archiveVersion = 1;
	classes = {
	};
	objectVersion = 50;
	objects = {

/* Begin PBXBuildFile section */
		6E79AA530E05715E06A02361 /* Pods_CarsCFT.framework in Frameworks */ = {isa = PBXBuildFile; fileRef = C74F2CC350E7A042042B42FA /* Pods_CarsCFT.framework */; };
		83AD2BF22347F61500917601 /* AppDelegate.swift in Sources */ = {isa = PBXBuildFile; fileRef = 83AD2BF12347F61500917601 /* AppDelegate.swift */; };
		83AD2BF42347F61500917601 /* SceneDelegate.swift in Sources */ = {isa = PBXBuildFile; fileRef = 83AD2BF32347F61500917601 /* SceneDelegate.swift */; };
		83AD2BFB2347F61600917601 /* Assets.xcassets in Resources */ = {isa = PBXBuildFile; fileRef = 83AD2BFA2347F61600917601 /* Assets.xcassets */; };
		83AD2BFE2347F61600917601 /* LaunchScreen.storyboard in Resources */ = {isa = PBXBuildFile; fileRef = 83AD2BFC2347F61600917601 /* LaunchScreen.storyboard */; };
		83AD2C072347F64000917601 /* Constants.swift in Sources */ = {isa = PBXBuildFile; fileRef = 83AD2C062347F64000917601 /* Constants.swift */; };
		83AD2C112347F70900917601 /* HomeVC.swift in Sources */ = {isa = PBXBuildFile; fileRef = 83AD2C102347F70900917601 /* HomeVC.swift */; };
		83AD2C132347F72500917601 /* Car.swift in Sources */ = {isa = PBXBuildFile; fileRef = 83AD2C122347F72500917601 /* Car.swift */; };
		83AD2C152347F74000917601 /* RoundedViews.swift in Sources */ = {isa = PBXBuildFile; fileRef = 83AD2C142347F74000917601 /* RoundedViews.swift */; };
		83AD2C1A2347F78500917601 /* CarCell.swift in Sources */ = {isa = PBXBuildFile; fileRef = 83AD2C182347F78500917601 /* CarCell.swift */; };
		83AD2C1F2347F7D000917601 /* Main.storyboard in Resources */ = {isa = PBXBuildFile; fileRef = 83AD2C1E2347F7D000917601 /* Main.storyboard */; };
		83AD2C212347FBF500917601 /* GoogleService-Info.plist in Resources */ = {isa = PBXBuildFile; fileRef = 83AD2C202347FBF500917601 /* GoogleService-Info.plist */; };
		83AD2C222347FDBF00917601 /* CarCell.xib in Resources */ = {isa = PBXBuildFile; fileRef = 83AD2C1C2347F7B700917601 /* CarCell.xib */; };
		83F5F2842349387100D04314 /* AddCarVC.swift in Sources */ = {isa = PBXBuildFile; fileRef = 83F5F2832349387100D04314 /* AddCarVC.swift */; };
		83F5F28623493CFC00D04314 /* EditCarVC.swift in Sources */ = {isa = PBXBuildFile; fileRef = 83F5F28523493CFC00D04314 /* EditCarVC.swift */; };
		83F5F2882349454500D04314 /* Extensions.swift in Sources */ = {isa = PBXBuildFile; fileRef = 83F5F2872349454500D04314 /* Extensions.swift */; };
/* End PBXBuildFile section */

/* Begin PBXFileReference section */
		83AD2BEE2347F61500917601 /* CarsCFT.app */ = {isa = PBXFileReference; explicitFileType = wrapper.application; includeInIndex = 0; path = CarsCFT.app; sourceTree = BUILT_PRODUCTS_DIR; };
		83AD2BF12347F61500917601 /* AppDelegate.swift */ = {isa = PBXFileReference; lastKnownFileType = sourcecode.swift; path = AppDelegate.swift; sourceTree = "<group>"; };
		83AD2BF32347F61500917601 /* SceneDelegate.swift */ = {isa = PBXFileReference; lastKnownFileType = sourcecode.swift; path = SceneDelegate.swift; sourceTree = "<group>"; };
		83AD2BFA2347F61600917601 /* Assets.xcassets */ = {isa = PBXFileReference; lastKnownFileType = folder.assetcatalog; path = Assets.xcassets; sourceTree = "<group>"; };
		83AD2BFD2347F61600917601 /* Base */ = {isa = PBXFileReference; lastKnownFileType = file.storyboard; name = Base; path = Base.lproj/LaunchScreen.storyboard; sourceTree = "<group>"; };
		83AD2BFF2347F61600917601 /* Info.plist */ = {isa = PBXFileReference; lastKnownFileType = text.plist.xml; path = Info.plist; sourceTree = "<group>"; };
		83AD2C062347F64000917601 /* Constants.swift */ = {isa = PBXFileReference; lastKnownFileType = sourcecode.swift; path = Constants.swift; sourceTree = "<group>"; };
		83AD2C102347F70900917601 /* HomeVC.swift */ = {isa = PBXFileReference; lastKnownFileType = sourcecode.swift; path = HomeVC.swift; sourceTree = "<group>"; };
		83AD2C122347F72500917601 /* Car.swift */ = {isa = PBXFileReference; lastKnownFileType = sourcecode.swift; path = Car.swift; sourceTree = "<group>"; };
		83AD2C142347F74000917601 /* RoundedViews.swift */ = {isa = PBXFileReference; lastKnownFileType = sourcecode.swift; path = RoundedViews.swift; sourceTree = "<group>"; };
		83AD2C182347F78500917601 /* CarCell.swift */ = {isa = PBXFileReference; lastKnownFileType = sourcecode.swift; path = CarCell.swift; sourceTree = "<group>"; };
		83AD2C1C2347F7B700917601 /* CarCell.xib */ = {isa = PBXFileReference; fileEncoding = 4; lastKnownFileType = file.xib; name = CarCell.xib; path = CarsCFT/Xibs/CarCell.xib; sourceTree = SOURCE_ROOT; };
		83AD2C1E2347F7D000917601 /* Main.storyboard */ = {isa = PBXFileReference; fileEncoding = 4; lastKnownFileType = file.storyboard; path = Main.storyboard; sourceTree = "<group>"; };
		83AD2C202347FBF500917601 /* GoogleService-Info.plist */ = {isa = PBXFileReference; fileEncoding = 4; lastKnownFileType = text.plist.xml; path = "GoogleService-Info.plist"; sourceTree = "<group>"; };
		83F5F2832349387100D04314 /* AddCarVC.swift */ = {isa = PBXFileReference; lastKnownFileType = sourcecode.swift; path = AddCarVC.swift; sourceTree = "<group>"; };
		83F5F28523493CFC00D04314 /* EditCarVC.swift */ = {isa = PBXFileReference; lastKnownFileType = sourcecode.swift; path = EditCarVC.swift; sourceTree = "<group>"; };
		83F5F2872349454500D04314 /* Extensions.swift */ = {isa = PBXFileReference; lastKnownFileType = sourcecode.swift; path = Extensions.swift; sourceTree = "<group>"; };
		B4886EDDBF16520C593E1F68 /* Pods-CarsCFT.release.xcconfig */ = {isa = PBXFileReference; includeInIndex = 1; lastKnownFileType = text.xcconfig; name = "Pods-CarsCFT.release.xcconfig"; path = "Target Support Files/Pods-CarsCFT/Pods-CarsCFT.release.xcconfig"; sourceTree = "<group>"; };
		C74F2CC350E7A042042B42FA /* Pods_CarsCFT.framework */ = {isa = PBXFileReference; explicitFileType = wrapper.framework; includeInIndex = 0; path = Pods_CarsCFT.framework; sourceTree = BUILT_PRODUCTS_DIR; };
		D6B1ABDBD17731E77976CC7B /* Pods-CarsCFT.debug.xcconfig */ = {isa = PBXFileReference; includeInIndex = 1; lastKnownFileType = text.xcconfig; name = "Pods-CarsCFT.debug.xcconfig"; path = "Target Support Files/Pods-CarsCFT/Pods-CarsCFT.debug.xcconfig"; sourceTree = "<group>"; };
/* End PBXFileReference section */

/* Begin PBXFrameworksBuildPhase section */
		83AD2BEB2347F61500917601 /* Frameworks */ = {
			isa = PBXFrameworksBuildPhase;
			buildActionMask = 2147483647;
			files = (
				6E79AA530E05715E06A02361 /* Pods_CarsCFT.framework in Frameworks */,
			);
			runOnlyForDeploymentPostprocessing = 0;
		};
/* End PBXFrameworksBuildPhase section */

/* Begin PBXGroup section */
		83AD2BE52347F61500917601 = {
			isa = PBXGroup;
			children = (
				83AD2BF02347F61500917601 /* CarsCFT */,
				83AD2BEF2347F61500917601 /* Products */,
				B5368D2BF333E4B3390EF298 /* Pods */,
				B498D8C713B60BA6E7C64641 /* Frameworks */,
			);
			sourceTree = "<group>";
		};
		83AD2BEF2347F61500917601 /* Products */ = {
			isa = PBXGroup;
			children = (
				83AD2BEE2347F61500917601 /* CarsCFT.app */,
			);
			name = Products;
			sourceTree = "<group>";
		};
		83AD2BF02347F61500917601 /* CarsCFT */ = {
			isa = PBXGroup;
			children = (
				83AD2C0D2347F69A00917601 /* Service */,
				83AD2C052347F62000917601 /* Utils */,
				83AD2C082347F66200917601 /* Xibs */,
				83AD2C0A2347F67200917601 /* View */,
				83AD2C0B2347F67B00917601 /* Controller */,
				83AD2C0C2347F68900917601 /* Storyboards */,
				83AD2C092347F66C00917601 /* Model */,
				83AD2BFA2347F61600917601 /* Assets.xcassets */,
				83AD2BFC2347F61600917601 /* LaunchScreen.storyboard */,
				83AD2BFF2347F61600917601 /* Info.plist */,
				83AD2C202347FBF500917601 /* GoogleService-Info.plist */,
			);
			path = CarsCFT;
			sourceTree = "<group>";
		};
		83AD2C052347F62000917601 /* Utils */ = {
			isa = PBXGroup;
			children = (
				83AD2C062347F64000917601 /* Constants.swift */,
			);
			path = Utils;
			sourceTree = "<group>";
		};
		83AD2C082347F66200917601 /* Xibs */ = {
			isa = PBXGroup;
			children = (
				83AD2C1C2347F7B700917601 /* CarCell.xib */,
			);
			path = Xibs;
			sourceTree = "<group>";
		};
		83AD2C092347F66C00917601 /* Model */ = {
			isa = PBXGroup;
			children = (
				83AD2C122347F72500917601 /* Car.swift */,
			);
			path = Model;
			sourceTree = "<group>";
		};
		83AD2C0A2347F67200917601 /* View */ = {
			isa = PBXGroup;
			children = (
				83AD2C142347F74000917601 /* RoundedViews.swift */,
				83AD2C182347F78500917601 /* CarCell.swift */,
			);
			path = View;
			sourceTree = "<group>";
		};
		83AD2C0B2347F67B00917601 /* Controller */ = {
			isa = PBXGroup;
			children = (
				83AD2C102347F70900917601 /* HomeVC.swift */,
				83F5F2832349387100D04314 /* AddCarVC.swift */,
				83F5F28523493CFC00D04314 /* EditCarVC.swift */,
			);
			path = Controller;
			sourceTree = "<group>";
		};
		83AD2C0C2347F68900917601 /* Storyboards */ = {
			isa = PBXGroup;
			children = (
				83AD2C1E2347F7D000917601 /* Main.storyboard */,
			);
			path = Storyboards;
			sourceTree = "<group>";
		};
		83AD2C0D2347F69A00917601 /* Service */ = {
			isa = PBXGroup;
			children = (
				83AD2BF12347F61500917601 /* AppDelegate.swift */,
				83AD2BF32347F61500917601 /* SceneDelegate.swift */,
				83F5F2872349454500D04314 /* Extensions.swift */,
			);
			path = Service;
			sourceTree = "<group>";
		};
		B498D8C713B60BA6E7C64641 /* Frameworks */ = {
			isa = PBXGroup;
			children = (
				C74F2CC350E7A042042B42FA /* Pods_CarsCFT.framework */,
			);
			name = Frameworks;
			sourceTree = "<group>";
		};
		B5368D2BF333E4B3390EF298 /* Pods */ = {
			isa = PBXGroup;
			children = (
				D6B1ABDBD17731E77976CC7B /* Pods-CarsCFT.debug.xcconfig */,
				B4886EDDBF16520C593E1F68 /* Pods-CarsCFT.release.xcconfig */,
			);
			path = Pods;
			sourceTree = "<group>";
		};
/* End PBXGroup section */

/* Begin PBXNativeTarget section */
		83AD2BED2347F61500917601 /* CarsCFT */ = {
			isa = PBXNativeTarget;
			buildConfigurationList = 83AD2C022347F61600917601 /* Build configuration list for PBXNativeTarget "CarsCFT" */;
			buildPhases = (
				882DE587CED713CF425452F0 /* [CP] Check Pods Manifest.lock */,
				83AD2BEA2347F61500917601 /* Sources */,
				83AD2BEB2347F61500917601 /* Frameworks */,
				83AD2BEC2347F61500917601 /* Resources */,
				6664A387D00840A80999C297 /* [CP] Embed Pods Frameworks */,
			);
			buildRules = (
			);
			dependencies = (
			);
			name = CarsCFT;
			productName = CarsCFT;
			productReference = 83AD2BEE2347F61500917601 /* CarsCFT.app */;
			productType = "com.apple.product-type.application";
		};
/* End PBXNativeTarget section */

/* Begin PBXProject section */
		83AD2BE62347F61500917601 /* Project object */ = {
			isa = PBXProject;
			attributes = {
				LastSwiftUpdateCheck = 1100;
				LastUpgradeCheck = 1100;
				ORGANIZATIONNAME = "Danila Ferents";
				TargetAttributes = {
					83AD2BED2347F61500917601 = {
						CreatedOnToolsVersion = 11.0;
					};
				};
			};
			buildConfigurationList = 83AD2BE92347F61500917601 /* Build configuration list for PBXProject "CarsCFT" */;
			compatibilityVersion = "Xcode 9.3";
			developmentRegion = en;
			hasScannedForEncodings = 0;
			knownRegions = (
				en,
				Base,
			);
			mainGroup = 83AD2BE52347F61500917601;
			productRefGroup = 83AD2BEF2347F61500917601 /* Products */;
			projectDirPath = "";
			projectRoot = "";
			targets = (
				83AD2BED2347F61500917601 /* CarsCFT */,
			);
		};
/* End PBXProject section */

/* Begin PBXResourcesBuildPhase section */
		83AD2BEC2347F61500917601 /* Resources */ = {
			isa = PBXResourcesBuildPhase;
			buildActionMask = 2147483647;
			files = (
				83AD2BFE2347F61600917601 /* LaunchScreen.storyboard in Resources */,
				83AD2BFB2347F61600917601 /* Assets.xcassets in Resources */,
				83AD2C222347FDBF00917601 /* CarCell.xib in Resources */,
				83AD2C212347FBF500917601 /* GoogleService-Info.plist in Resources */,
				83AD2C1F2347F7D000917601 /* Main.storyboard in Resources */,
			);
			runOnlyForDeploymentPostprocessing = 0;
		};
/* End PBXResourcesBuildPhase section */

/* Begin PBXShellScriptBuildPhase section */
		6664A387D00840A80999C297 /* [CP] Embed Pods Frameworks */ = {
			isa = PBXShellScriptBuildPhase;
			buildActionMask = 2147483647;
			files = (
			);
			inputFileListPaths = (
			);
			inputPaths = (
				"${PODS_ROOT}/Target Support Files/Pods-CarsCFT/Pods-CarsCFT-frameworks.sh",
				"${BUILT_PRODUCTS_DIR}/BoringSSL-GRPC/openssl_grpc.framework",
				"${BUILT_PRODUCTS_DIR}/GTMSessionFetcher/GTMSessionFetcher.framework",
				"${BUILT_PRODUCTS_DIR}/GoogleUtilities/GoogleUtilities.framework",
				"${BUILT_PRODUCTS_DIR}/Kingfisher/Kingfisher.framework",
				"${BUILT_PRODUCTS_DIR}/Protobuf/Protobuf.framework",
				"${BUILT_PRODUCTS_DIR}/gRPC-C++/grpcpp.framework",
				"${BUILT_PRODUCTS_DIR}/gRPC-Core/grpc.framework",
				"${BUILT_PRODUCTS_DIR}/leveldb-library/leveldb.framework",
				"${BUILT_PRODUCTS_DIR}/nanopb/nanopb.framework",
			);
			name = "[CP] Embed Pods Frameworks";
			outputFileListPaths = (
			);
			outputPaths = (
				"${TARGET_BUILD_DIR}/${FRAMEWORKS_FOLDER_PATH}/openssl_grpc.framework",
				"${TARGET_BUILD_DIR}/${FRAMEWORKS_FOLDER_PATH}/GTMSessionFetcher.framework",
				"${TARGET_BUILD_DIR}/${FRAMEWORKS_FOLDER_PATH}/GoogleUtilities.framework",
				"${TARGET_BUILD_DIR}/${FRAMEWORKS_FOLDER_PATH}/Kingfisher.framework",
				"${TARGET_BUILD_DIR}/${FRAMEWORKS_FOLDER_PATH}/Protobuf.framework",
				"${TARGET_BUILD_DIR}/${FRAMEWORKS_FOLDER_PATH}/grpcpp.framework",
				"${TARGET_BUILD_DIR}/${FRAMEWORKS_FOLDER_PATH}/grpc.framework",
				"${TARGET_BUILD_DIR}/${FRAMEWORKS_FOLDER_PATH}/leveldb.framework",
				"${TARGET_BUILD_DIR}/${FRAMEWORKS_FOLDER_PATH}/nanopb.framework",
			);
			runOnlyForDeploymentPostprocessing = 0;
			shellPath = /bin/sh;
			shellScript = "\"${PODS_ROOT}/Target Support Files/Pods-CarsCFT/Pods-CarsCFT-frameworks.sh\"\n";
			showEnvVarsInLog = 0;
		};
		882DE587CED713CF425452F0 /* [CP] Check Pods Manifest.lock */ = {
			isa = PBXShellScriptBuildPhase;
			buildActionMask = 2147483647;
			files = (
			);
			inputFileListPaths = (
			);
			inputPaths = (
				"${PODS_PODFILE_DIR_PATH}/Podfile.lock",
				"${PODS_ROOT}/Manifest.lock",
			);
			name = "[CP] Check Pods Manifest.lock";
			outputFileListPaths = (
			);
			outputPaths = (
				"$(DERIVED_FILE_DIR)/Pods-CarsCFT-checkManifestLockResult.txt",
			);
			runOnlyForDeploymentPostprocessing = 0;
			shellPath = /bin/sh;
			shellScript = "diff \"${PODS_PODFILE_DIR_PATH}/Podfile.lock\" \"${PODS_ROOT}/Manifest.lock\" > /dev/null\nif [ $? != 0 ] ; then\n    # print error to STDERR\n    echo \"error: The sandbox is not in sync with the Podfile.lock. Run 'pod install' or update your CocoaPods installation.\" >&2\n    exit 1\nfi\n# This output is used by Xcode 'outputs' to avoid re-running this script phase.\necho \"SUCCESS\" > \"${SCRIPT_OUTPUT_FILE_0}\"\n";
			showEnvVarsInLog = 0;
		};
/* End PBXShellScriptBuildPhase section */

/* Begin PBXSourcesBuildPhase section */
		83AD2BEA2347F61500917601 /* Sources */ = {
			isa = PBXSourcesBuildPhase;
			buildActionMask = 2147483647;
			files = (
				83AD2C152347F74000917601 /* RoundedViews.swift in Sources */,
				83F5F2842349387100D04314 /* AddCarVC.swift in Sources */,
				83F5F28623493CFC00D04314 /* EditCarVC.swift in Sources */,
				83AD2BF22347F61500917601 /* AppDelegate.swift in Sources */,
				83AD2C112347F70900917601 /* HomeVC.swift in Sources */,
				83F5F2882349454500D04314 /* Extensions.swift in Sources */,
				83AD2C132347F72500917601 /* Car.swift in Sources */,
				83AD2BF42347F61500917601 /* SceneDelegate.swift in Sources */,
				83AD2C1A2347F78500917601 /* CarCell.swift in Sources */,
				83AD2C072347F64000917601 /* Constants.swift in Sources */,
			);
			runOnlyForDeploymentPostprocessing = 0;
		};
/* End PBXSourcesBuildPhase section */

/* Begin PBXVariantGroup section */
		83AD2BFC2347F61600917601 /* LaunchScreen.storyboard */ = {
			isa = PBXVariantGroup;
			children = (
				83AD2BFD2347F61600917601 /* Base */,
			);
			name = LaunchScreen.storyboard;
			sourceTree = "<group>";
		};
/* End PBXVariantGroup section */

/* Begin XCBuildConfiguration section */
		83AD2C002347F61600917601 /* Debug */ = {
			isa = XCBuildConfiguration;
			buildSettings = {
				ALWAYS_SEARCH_USER_PATHS = NO;
				CLANG_ANALYZER_NONNULL = YES;
				CLANG_ANALYZER_NUMBER_OBJECT_CONVERSION = YES_AGGRESSIVE;
				CLANG_CXX_LANGUAGE_STANDARD = "gnu++14";
				CLANG_CXX_LIBRARY = "libc++";
				CLANG_ENABLE_MODULES = YES;
				CLANG_ENABLE_OBJC_ARC = YES;
				CLANG_ENABLE_OBJC_WEAK = YES;
				CLANG_WARN_BLOCK_CAPTURE_AUTORELEASING = YES;
				CLANG_WARN_BOOL_CONVERSION = YES;
				CLANG_WARN_COMMA = YES;
				CLANG_WARN_CONSTANT_CONVERSION = YES;
				CLANG_WARN_DEPRECATED_OBJC_IMPLEMENTATIONS = YES;
				CLANG_WARN_DIRECT_OBJC_ISA_USAGE = YES_ERROR;
				CLANG_WARN_DOCUMENTATION_COMMENTS = YES;
				CLANG_WARN_EMPTY_BODY = YES;
				CLANG_WARN_ENUM_CONVERSION = YES;
				CLANG_WARN_INFINITE_RECURSION = YES;
				CLANG_WARN_INT_CONVERSION = YES;
				CLANG_WARN_NON_LITERAL_NULL_CONVERSION = YES;
				CLANG_WARN_OBJC_IMPLICIT_RETAIN_SELF = YES;
				CLANG_WARN_OBJC_LITERAL_CONVERSION = YES;
				CLANG_WARN_OBJC_ROOT_CLASS = YES_ERROR;
				CLANG_WARN_RANGE_LOOP_ANALYSIS = YES;
				CLANG_WARN_STRICT_PROTOTYPES = YES;
				CLANG_WARN_SUSPICIOUS_MOVE = YES;
				CLANG_WARN_UNGUARDED_AVAILABILITY = YES_AGGRESSIVE;
				CLANG_WARN_UNREACHABLE_CODE = YES;
				CLANG_WARN__DUPLICATE_METHOD_MATCH = YES;
				COPY_PHASE_STRIP = NO;
				DEBUG_INFORMATION_FORMAT = dwarf;
				ENABLE_STRICT_OBJC_MSGSEND = YES;
				ENABLE_TESTABILITY = YES;
				GCC_C_LANGUAGE_STANDARD = gnu11;
				GCC_DYNAMIC_NO_PIC = NO;
				GCC_NO_COMMON_BLOCKS = YES;
				GCC_OPTIMIZATION_LEVEL = 0;
				GCC_PREPROCESSOR_DEFINITIONS = (
					"DEBUG=1",
					"$(inherited)",
				);
				GCC_WARN_64_TO_32_BIT_CONVERSION = YES;
				GCC_WARN_ABOUT_RETURN_TYPE = YES_ERROR;
				GCC_WARN_UNDECLARED_SELECTOR = YES;
				GCC_WARN_UNINITIALIZED_AUTOS = YES_AGGRESSIVE;
				GCC_WARN_UNUSED_FUNCTION = YES;
				GCC_WARN_UNUSED_VARIABLE = YES;
				IPHONEOS_DEPLOYMENT_TARGET = 13.0;
				MTL_ENABLE_DEBUG_INFO = INCLUDE_SOURCE;
				MTL_FAST_MATH = YES;
				ONLY_ACTIVE_ARCH = YES;
				SDKROOT = iphoneos;
				SWIFT_ACTIVE_COMPILATION_CONDITIONS = DEBUG;
				SWIFT_OPTIMIZATION_LEVEL = "-Onone";
			};
			name = Debug;
		};
		83AD2C012347F61600917601 /* Release */ = {
			isa = XCBuildConfiguration;
			buildSettings = {
				ALWAYS_SEARCH_USER_PATHS = NO;
				CLANG_ANALYZER_NONNULL = YES;
				CLANG_ANALYZER_NUMBER_OBJECT_CONVERSION = YES_AGGRESSIVE;
				CLANG_CXX_LANGUAGE_STANDARD = "gnu++14";
				CLANG_CXX_LIBRARY = "libc++";
				CLANG_ENABLE_MODULES = YES;
				CLANG_ENABLE_OBJC_ARC = YES;
				CLANG_ENABLE_OBJC_WEAK = YES;
				CLANG_WARN_BLOCK_CAPTURE_AUTORELEASING = YES;
				CLANG_WARN_BOOL_CONVERSION = YES;
				CLANG_WARN_COMMA = YES;
				CLANG_WARN_CONSTANT_CONVERSION = YES;
				CLANG_WARN_DEPRECATED_OBJC_IMPLEMENTATIONS = YES;
				CLANG_WARN_DIRECT_OBJC_ISA_USAGE = YES_ERROR;
				CLANG_WARN_DOCUMENTATION_COMMENTS = YES;
				CLANG_WARN_EMPTY_BODY = YES;
				CLANG_WARN_ENUM_CONVERSION = YES;
				CLANG_WARN_INFINITE_RECURSION = YES;
				CLANG_WARN_INT_CONVERSION = YES;
				CLANG_WARN_NON_LITERAL_NULL_CONVERSION = YES;
				CLANG_WARN_OBJC_IMPLICIT_RETAIN_SELF = YES;
				CLANG_WARN_OBJC_LITERAL_CONVERSION = YES;
				CLANG_WARN_OBJC_ROOT_CLASS = YES_ERROR;
				CLANG_WARN_RANGE_LOOP_ANALYSIS = YES;
				CLANG_WARN_STRICT_PROTOTYPES = YES;
				CLANG_WARN_SUSPICIOUS_MOVE = YES;
				CLANG_WARN_UNGUARDED_AVAILABILITY = YES_AGGRESSIVE;
				CLANG_WARN_UNREACHABLE_CODE = YES;
				CLANG_WARN__DUPLICATE_METHOD_MATCH = YES;
				COPY_PHASE_STRIP = NO;
				DEBUG_INFORMATION_FORMAT = "dwarf-with-dsym";
				ENABLE_NS_ASSERTIONS = NO;
				ENABLE_STRICT_OBJC_MSGSEND = YES;
				GCC_C_LANGUAGE_STANDARD = gnu11;
				GCC_NO_COMMON_BLOCKS = YES;
				GCC_WARN_64_TO_32_BIT_CONVERSION = YES;
				GCC_WARN_ABOUT_RETURN_TYPE = YES_ERROR;
				GCC_WARN_UNDECLARED_SELECTOR = YES;
				GCC_WARN_UNINITIALIZED_AUTOS = YES_AGGRESSIVE;
				GCC_WARN_UNUSED_FUNCTION = YES;
				GCC_WARN_UNUSED_VARIABLE = YES;
				IPHONEOS_DEPLOYMENT_TARGET = 13.0;
				MTL_ENABLE_DEBUG_INFO = NO;
				MTL_FAST_MATH = YES;
				SDKROOT = iphoneos;
				SWIFT_COMPILATION_MODE = wholemodule;
				SWIFT_OPTIMIZATION_LEVEL = "-O";
				VALIDATE_PRODUCT = YES;
			};
			name = Release;
		};
		83AD2C032347F61600917601 /* Debug */ = {
			isa = XCBuildConfiguration;
			baseConfigurationReference = D6B1ABDBD17731E77976CC7B /* Pods-CarsCFT.debug.xcconfig */;
			buildSettings = {
				ASSETCATALOG_COMPILER_APPICON_NAME = AppIcon;
				CODE_SIGN_STYLE = Automatic;
				DEVELOPMENT_TEAM = 384TS3V9HP;
				INFOPLIST_FILE = CarsCFT/Info.plist;
				IPHONEOS_DEPLOYMENT_TARGET = 13.0;
				LD_RUNPATH_SEARCH_PATHS = (
					"$(inherited)",
					"@executable_path/Frameworks",
				);
				PRODUCT_BUNDLE_IDENTIFIER = dan.CarsCFT;
				PRODUCT_NAME = "$(TARGET_NAME)";
				SWIFT_VERSION = 5.0;
				TARGETED_DEVICE_FAMILY = 1;
			};
			name = Debug;
		};
		83AD2C042347F61600917601 /* Release */ = {
			isa = XCBuildConfiguration;
			baseConfigurationReference = B4886EDDBF16520C593E1F68 /* Pods-CarsCFT.release.xcconfig */;
			buildSettings = {
				ASSETCATALOG_COMPILER_APPICON_NAME = AppIcon;
				CODE_SIGN_STYLE = Automatic;
				DEVELOPMENT_TEAM = 384TS3V9HP;
				INFOPLIST_FILE = CarsCFT/Info.plist;
				IPHONEOS_DEPLOYMENT_TARGET = 13.0;
				LD_RUNPATH_SEARCH_PATHS = (
					"$(inherited)",
					"@executable_path/Frameworks",
				);
				PRODUCT_BUNDLE_IDENTIFIER = dan.CarsCFT;
				PRODUCT_NAME = "$(TARGET_NAME)";
				SWIFT_VERSION = 5.0;
				TARGETED_DEVICE_FAMILY = 1;
			};
			name = Release;
		};
/* End XCBuildConfiguration section */

/* Begin XCConfigurationList section */
		83AD2BE92347F61500917601 /* Build configuration list for PBXProject "CarsCFT" */ = {
			isa = XCConfigurationList;
			buildConfigurations = (
				83AD2C002347F61600917601 /* Debug */,
				83AD2C012347F61600917601 /* Release */,
			);
			defaultConfigurationIsVisible = 0;
			defaultConfigurationName = Release;
		};
		83AD2C022347F61600917601 /* Build configuration list for PBXNativeTarget "CarsCFT" */ = {
			isa = XCConfigurationList;
			buildConfigurations = (
				83AD2C032347F61600917601 /* Debug */,
				83AD2C042347F61600917601 /* Release */,
			);
			defaultConfigurationIsVisible = 0;
			defaultConfigurationName = Release;
		};
/* End XCConfigurationList section */
	};
	rootObject = 83AD2BE62347F61500917601 /* Project object */;
}
